
Microsoft Visual Studio Solution File, Format Version 12.00
# Visual Studio Version 16
VisualStudioVersion = 16.0.30611.23
MinimumVisualStudioVersion = 10.0.40219.1
Project("{FAE04EC0-301F-11D3-BF4B-00C04F79EFBC}") = "MultiThreading.NETCore", "MultiThreading\MultiThreading.NETCore.csproj", "{5A1F7565-9855-478D-9415-DD21241A8B40}"
EndProject
Project("{FAE04EC0-301F-11D3-BF4B-00C04F79EFBC}") = "MultiThreading.NETFramework", "MultiThreading.NETFramework\MultiThreading.NETFramework.csproj", "{FA56B004-E173-4D11-8222-344B841C5876}"
EndProject
Global
	GlobalSection(SolutionConfigurationPlatforms) = preSolution
		Debug|Any CPU = Debug|Any CPU
		Release|Any CPU = Release|Any CPU
	EndGlobalSection
	GlobalSection(ProjectConfigurationPlatforms) = postSolution
		{5A1F7565-9855-478D-9415-DD21241A8B40}.Debug|Any CPU.ActiveCfg = Debug|Any CPU
		{5A1F7565-9855-478D-9415-DD21241A8B40}.Debug|Any CPU.Build.0 = Debug|Any CPU
		{5A1F7565-9855-478D-9415-DD21241A8B40}.Release|Any CPU.ActiveCfg = Release|Any CPU
		{5A1F7565-9855-478D-9415-DD21241A8B40}.Release|Any CPU.Build.0 = Release|Any CPU
		{FA56B004-E173-4D11-8222-344B841C5876}.Debug|Any CPU.ActiveCfg = Debug|Any CPU
		{FA56B004-E173-4D11-8222-344B841C5876}.Debug|Any CPU.Build.0 = Debug|Any CPU
		{FA56B004-E173-4D11-8222-344B841C5876}.Release|Any CPU.ActiveCfg = Release|Any CPU
		{FA56B004-E173-4D11-8222-344B841C5876}.Release|Any CPU.Build.0 = Release|Any CPU
	EndGlobalSection
	GlobalSection(SolutionProperties) = preSolution
		HideSolutionNode = FALSE
	EndGlobalSection
	GlobalSection(ExtensibilityGlobals) = postSolution
		SolutionGuid = {77FFE1E3-4E88-4C8C-AF4F-63F772604B76}
	EndGlobalSection
EndGlobal
