
Microsoft Visual Studio Solution File, Format Version 12.00
# Visual Studio Version 16
VisualStudioVersion = 16.0.30611.23
MinimumVisualStudioVersion = 10.0.40219.1
Project("{9A19103F-16F7-4668-BE54-9A1E7A4F7556}") = "TPL.Task", "TPL\TPL.Task.csproj", "{18A9043B-1097-4F8B-A314-EC7277637C58}"
EndProject
Global
	GlobalSection(SolutionConfigurationPlatforms) = preSolution
		Debug|Any CPU = Debug|Any CPU
		Release|Any CPU = Release|Any CPU
	EndGlobalSection
	GlobalSection(ProjectConfigurationPlatforms) = postSolution
		{18A9043B-1097-4F8B-A314-EC7277637C58}.Debug|Any CPU.ActiveCfg = Debug|Any CPU
		{18A9043B-1097-4F8B-A314-EC7277637C58}.Debug|Any CPU.Build.0 = Debug|Any CPU
		{18A9043B-1097-4F8B-A314-EC7277637C58}.Release|Any CPU.ActiveCfg = Release|Any CPU
		{18A9043B-1097-4F8B-A314-EC7277637C58}.Release|Any CPU.Build.0 = Release|Any CPU
	EndGlobalSection
	GlobalSection(SolutionProperties) = preSolution
		HideSolutionNode = FALSE
	EndGlobalSection
	GlobalSection(ExtensibilityGlobals) = postSolution
		SolutionGuid = {F0EF799E-9D19-495C-8C79-14F649AFE0FC}
	EndGlobalSection
EndGlobal
